{
  "name": "ajwinny",
  "version": "1.0.0",
  "lockfileVersion": 3,
  "requires": true,
  "packages": {
    "": {
      "name": "ajwinny",
      "version": "1.0.0",
      "license": "MIT",
      "dependencies": {
        "ajwinny": "^1.0.0"
      }
    },
    "node_modules/ajwinny": {
      "version": "1.0.0",
      "resolved": "https://registry.npmjs.org/ajwinny/-/ajwinny-1.0.0.tgz",
      "integrity": "sha512-8kFB3eV5yTyb3D5Mxdkkitnkjlt0f8+6xawuyiKydYDX0CJPMJQTfUxHKwBZ57UU6O+/so8nwrQrYviYkexfzQ==",
      "license": "MIT"
    }
  }
}
